
Microsoft Visual Studio Solution File, Format Version 12.00
# Visual Studio 15
VisualStudioVersion = 15.0.27705.2000
MinimumVisualStudioVersion = 10.0.40219.1
Project("{FAE04EC0-301F-11D3-BF4B-00C04F79EFBC}") = "APIGatewayByOcelot", "APIGatewayByOcelot\APIGatewayByOcelot.csproj", "{30A700DE-834D-43C8-8851-1323F20BBF29}"
EndProject
Project("{FAE04EC0-301F-11D3-BF4B-00C04F79EFBC}") = "ApiOne", "ApiOne\ApiOne.csproj", "{162755DD-8172-4A3A-8084-2B6BDE6EBD98}"
EndProject
Project("{2150E333-8FDC-42A3-9474-1A3956D46DE8}") = "使用Ocelot当做API网关", "使用Ocelot当做API网关", "{7E3803E4-5817-44F4-9DB2-E16FFAB0D4BB}"
EndProject
Project("{2150E333-8FDC-42A3-9474-1A3956D46DE8}") = "下游API服务", "下游API服务", "{88C8D1A9-21AF-4BFA-8BA3-3CEA410AC539}"
EndProject
Project("{FAE04EC0-301F-11D3-BF4B-00C04F79EFBC}") = "ApiTwo", "ApiTwo\ApiTwo.csproj", "{9908E208-C44F-4B67-B2EF-E0251FFD8701}"
EndProject
Project("{2150E333-8FDC-42A3-9474-1A3956D46DE8}") = "Ids4认证授权", "Ids4认证授权", "{53EAD5DD-7EE6-48D2-AFB4-E1BD7DD0C92C}"
EndProject
Project("{FAE04EC0-301F-11D3-BF4B-00C04F79EFBC}") = "Ids4Center.Mvc", "Ids4Center.Mvc\Ids4Center.Mvc.csproj", "{9E65758B-7206-4686-9668-91D3AACC4BA7}"
EndProject
Project("{2150E333-8FDC-42A3-9474-1A3956D46DE8}") = "客户端", "客户端", "{5560B831-0B45-4605-B0F4-B68F2D94B826}"
EndProject
Project("{FAE04EC0-301F-11D3-BF4B-00C04F79EFBC}") = "AccessApiOne", "AccessApiOne\AccessApiOne.csproj", "{3BA4D15D-BED2-492D-A161-DF4A1C3DF78C}"
EndProject
Global
	GlobalSection(SolutionConfigurationPlatforms) = preSolution
		Debug|Any CPU = Debug|Any CPU
		Release|Any CPU = Release|Any CPU
	EndGlobalSection
	GlobalSection(ProjectConfigurationPlatforms) = postSolution
		{30A700DE-834D-43C8-8851-1323F20BBF29}.Debug|Any CPU.ActiveCfg = Debug|Any CPU
		{30A700DE-834D-43C8-8851-1323F20BBF29}.Debug|Any CPU.Build.0 = Debug|Any CPU
		{30A700DE-834D-43C8-8851-1323F20BBF29}.Release|Any CPU.ActiveCfg = Release|Any CPU
		{30A700DE-834D-43C8-8851-1323F20BBF29}.Release|Any CPU.Build.0 = Release|Any CPU
		{162755DD-8172-4A3A-8084-2B6BDE6EBD98}.Debug|Any CPU.ActiveCfg = Debug|Any CPU
		{162755DD-8172-4A3A-8084-2B6BDE6EBD98}.Debug|Any CPU.Build.0 = Debug|Any CPU
		{162755DD-8172-4A3A-8084-2B6BDE6EBD98}.Release|Any CPU.ActiveCfg = Release|Any CPU
		{162755DD-8172-4A3A-8084-2B6BDE6EBD98}.Release|Any CPU.Build.0 = Release|Any CPU
		{9908E208-C44F-4B67-B2EF-E0251FFD8701}.Debug|Any CPU.ActiveCfg = Debug|Any CPU
		{9908E208-C44F-4B67-B2EF-E0251FFD8701}.Debug|Any CPU.Build.0 = Debug|Any CPU
		{9908E208-C44F-4B67-B2EF-E0251FFD8701}.Release|Any CPU.ActiveCfg = Release|Any CPU
		{9908E208-C44F-4B67-B2EF-E0251FFD8701}.Release|Any CPU.Build.0 = Release|Any CPU
		{9E65758B-7206-4686-9668-91D3AACC4BA7}.Debug|Any CPU.ActiveCfg = Debug|Any CPU
		{9E65758B-7206-4686-9668-91D3AACC4BA7}.Debug|Any CPU.Build.0 = Debug|Any CPU
		{9E65758B-7206-4686-9668-91D3AACC4BA7}.Release|Any CPU.ActiveCfg = Release|Any CPU
		{9E65758B-7206-4686-9668-91D3AACC4BA7}.Release|Any CPU.Build.0 = Release|Any CPU
		{3BA4D15D-BED2-492D-A161-DF4A1C3DF78C}.Debug|Any CPU.ActiveCfg = Debug|Any CPU
		{3BA4D15D-BED2-492D-A161-DF4A1C3DF78C}.Debug|Any CPU.Build.0 = Debug|Any CPU
		{3BA4D15D-BED2-492D-A161-DF4A1C3DF78C}.Release|Any CPU.ActiveCfg = Release|Any CPU
		{3BA4D15D-BED2-492D-A161-DF4A1C3DF78C}.Release|Any CPU.Build.0 = Release|Any CPU
	EndGlobalSection
	GlobalSection(SolutionProperties) = preSolution
		HideSolutionNode = FALSE
	EndGlobalSection
	GlobalSection(NestedProjects) = preSolution
		{30A700DE-834D-43C8-8851-1323F20BBF29} = {7E3803E4-5817-44F4-9DB2-E16FFAB0D4BB}
		{162755DD-8172-4A3A-8084-2B6BDE6EBD98} = {88C8D1A9-21AF-4BFA-8BA3-3CEA410AC539}
		{9908E208-C44F-4B67-B2EF-E0251FFD8701} = {88C8D1A9-21AF-4BFA-8BA3-3CEA410AC539}
		{9E65758B-7206-4686-9668-91D3AACC4BA7} = {53EAD5DD-7EE6-48D2-AFB4-E1BD7DD0C92C}
		{3BA4D15D-BED2-492D-A161-DF4A1C3DF78C} = {5560B831-0B45-4605-B0F4-B68F2D94B826}
	EndGlobalSection
	GlobalSection(ExtensibilityGlobals) = postSolution
		SolutionGuid = {9091581C-9BB0-453A-8A2D-E14A063C8D42}
	EndGlobalSection
EndGlobal
